
Microsoft Visual Studio Solution File, Format Version 12.00
# Visual Studio Version 17
VisualStudioVersion = 17.4.33213.308
MinimumVisualStudioVersion = 10.0.40219.1
Project("{FAE04EC0-301F-11D3-BF4B-00C04F79EFBC}") = "WindowsFormsApp15", "WindowsFormsApp15\WindowsFormsApp15.csproj", "{FD835175-3803-4203-8AC0-C7F73875452E}"
EndProject
Global
	GlobalSection(SolutionConfigurationPlatforms) = preSolution
		Debug|Any CPU = Debug|Any CPU
		Release|Any CPU = Release|Any CPU
	EndGlobalSection
	GlobalSection(ProjectConfigurationPlatforms) = postSolution
		{FD835175-3803-4203-8AC0-C7F73875452E}.Debug|Any CPU.ActiveCfg = Debug|Any CPU
		{FD835175-3803-4203-8AC0-C7F73875452E}.Debug|Any CPU.Build.0 = Debug|Any CPU
		{FD835175-3803-4203-8AC0-C7F73875452E}.Release|Any CPU.ActiveCfg = Release|Any CPU
		{FD835175-3803-4203-8AC0-C7F73875452E}.Release|Any CPU.Build.0 = Release|Any CPU
	EndGlobalSection
	GlobalSection(SolutionProperties) = preSolution
		HideSolutionNode = FALSE
	EndGlobalSection
	GlobalSection(ExtensibilityGlobals) = postSolution
		SolutionGuid = {A5B3500E-1087-4499-AB9B-3DBEB36B5DAE}
	EndGlobalSection
EndGlobal
